
Microsoft Visual Studio Solution File, Format Version 12.00
# Visual Studio Version 17
VisualStudioVersion = 17.10.35027.167
MinimumVisualStudioVersion = 10.0.40219.1
Project("{FAE04EC0-301F-11D3-BF4B-00C04F79EFBC}") = "Words", "Words.csproj", "{148B298C-82D9-47C6-801E-6367ADA3F4EE}"
EndProject
Global
	GlobalSection(SolutionConfigurationPlatforms) = preSolution
		Debug|Any CPU = Debug|Any CPU
		Release|Any CPU = Release|Any CPU
	EndGlobalSection
	GlobalSection(ProjectConfigurationPlatforms) = postSolution
		{148B298C-82D9-47C6-801E-6367ADA3F4EE}.Debug|Any CPU.ActiveCfg = Debug|Any CPU
		{148B298C-82D9-47C6-801E-6367ADA3F4EE}.Debug|Any CPU.Build.0 = Debug|Any CPU
		{148B298C-82D9-47C6-801E-6367ADA3F4EE}.Release|Any CPU.ActiveCfg = Release|Any CPU
		{148B298C-82D9-47C6-801E-6367ADA3F4EE}.Release|Any CPU.Build.0 = Release|Any CPU
	EndGlobalSection
	GlobalSection(SolutionProperties) = preSolution
		HideSolutionNode = FALSE
	EndGlobalSection
	GlobalSection(ExtensibilityGlobals) = postSolution
		SolutionGuid = {CAE78B43-3AE4-4203-ABC8-6BDECDC85F02}
	EndGlobalSection
EndGlobal
